
Microsoft Visual Studio Solution File, Format Version 12.00
# Visual Studio 15
VisualStudioVersion = 15.0.27004.2005
MinimumVisualStudioVersion = 10.0.40219.1
Project("{2150E333-8FDC-42A3-9474-1A3956D46DE8}") = "Database", "Database", "{59157415-CB1E-4116-9845-DCB376FF541B}"
EndProject
Project("{2150E333-8FDC-42A3-9474-1A3956D46DE8}") = "UI", "UI", "{B450CE22-330A-4FF2-B193-95DFC877A307}"
EndProject
Project("{2150E333-8FDC-42A3-9474-1A3956D46DE8}") = "Infrastruture", "Infrastruture", "{30E6B18B-6103-421C-9027-D30DB3F8BC8E}"
EndProject
Project("{FAE04EC0-301F-11D3-BF4B-00C04F79EFBC}") = "EAT.UI", "EAT.UI\EAT.UI.csproj", "{99C9E82C-C594-446D-AA59-8FFBC43AD226}"
EndProject
Project("{2150E333-8FDC-42A3-9474-1A3956D46DE8}") = "Modules", "Modules", "{8217346C-AE20-41F8-9CC7-CEE6E3AD330F}"
EndProject
Project("{2150E333-8FDC-42A3-9474-1A3956D46DE8}") = "Cadastros", "Cadastros", "{22610E52-4D7F-4FC2-B37B-CC1314D1F9F0}"
EndProject
Project("{FAE04EC0-301F-11D3-BF4B-00C04F79EFBC}") = "CategoriaModule", "Modules\Cadastros\CategoriaModule\CategoriaModule.csproj", "{AB8B448C-DD74-4D60-A041-3E5D03A32180}"
EndProject
Project("{2150E333-8FDC-42A3-9474-1A3956D46DE8}") = "PrincipalModules", "PrincipalModules", "{70EB9C43-96B0-4A82-99FD-36706C465469}"
EndProject
Project("{FAE04EC0-301F-11D3-BF4B-00C04F79EFBC}") = "MenuModule", "Modules\PrincipalModules\MenuModule\MenuModule.csproj", "{D9CFBB37-E32D-4D51-9209-F85F7FDE883B}"
	ProjectSection(ProjectDependencies) = postProject
		{F7D41E30-46D7-44BA-BAAC-57B94D29CB2F} = {F7D41E30-46D7-44BA-BAAC-57B94D29CB2F}
	EndProjectSection
EndProject
Project("{FAE04EC0-301F-11D3-BF4B-00C04F79EFBC}") = "StatusModule", "Modules\PrincipalModules\StatusModule\StatusModule.csproj", "{81E05EEE-693B-4150-80D2-B911898CB8BE}"
	ProjectSection(ProjectDependencies) = postProject
		{F7D41E30-46D7-44BA-BAAC-57B94D29CB2F} = {F7D41E30-46D7-44BA-BAAC-57B94D29CB2F}
	EndProjectSection
EndProject
Project("{FAE04EC0-301F-11D3-BF4B-00C04F79EFBC}") = "LoginModule", "Modules\PrincipalModules\LoginModule\LoginModule.csproj", "{CF618690-185C-4B14-9E87-4DFBEAAB528C}"
	ProjectSection(ProjectDependencies) = postProject
		{F7D41E30-46D7-44BA-BAAC-57B94D29CB2F} = {F7D41E30-46D7-44BA-BAAC-57B94D29CB2F}
	EndProjectSection
EndProject
Project("{FAE04EC0-301F-11D3-BF4B-00C04F79EFBC}") = "ClienteModule", "Modules\Cadastros\ClienteModule\ClienteModule.csproj", "{A1A9FB3D-C7D3-4331-9482-4D901F60F609}"
EndProject
Project("{FAE04EC0-301F-11D3-BF4B-00C04F79EFBC}") = "FuncionarioModule", "Modules\Cadastros\FuncionarioModule\FuncionarioModule.csproj", "{01FEE047-9CEE-4082-8722-D6DAF89A70A7}"
	ProjectSection(ProjectDependencies) = postProject
		{F7D41E30-46D7-44BA-BAAC-57B94D29CB2F} = {F7D41E30-46D7-44BA-BAAC-57B94D29CB2F}
		{5A63FE82-D1E3-4726-9AE1-8B0BD112DF3D} = {5A63FE82-D1E3-4726-9AE1-8B0BD112DF3D}
		{277CB08E-FC44-4989-878A-EF146077A13F} = {277CB08E-FC44-4989-878A-EF146077A13F}
	EndProjectSection
EndProject
Project("{2150E333-8FDC-42A3-9474-1A3956D46DE8}") = "Movimentation", "Movimentation", "{52820424-95AA-470B-9F8C-A23329F69890}"
EndProject
Project("{FAE04EC0-301F-11D3-BF4B-00C04F79EFBC}") = "RegistrarPedidoModule", "Modules\Movimentation\RegistrarPedidoModule\RegistrarPedidoModule.csproj", "{A3CD9B2D-3EC1-492C-A301-7079111CA2F6}"
	ProjectSection(ProjectDependencies) = postProject
		{F7D41E30-46D7-44BA-BAAC-57B94D29CB2F} = {F7D41E30-46D7-44BA-BAAC-57B94D29CB2F}
		{5A63FE82-D1E3-4726-9AE1-8B0BD112DF3D} = {5A63FE82-D1E3-4726-9AE1-8B0BD112DF3D}
		{277CB08E-FC44-4989-878A-EF146077A13F} = {277CB08E-FC44-4989-878A-EF146077A13F}
	EndProjectSection
EndProject
Project("{2150E333-8FDC-42A3-9474-1A3956D46DE8}") = "Consultas", "Consultas", "{2AE3FB68-D1A3-485C-96DD-94915725DD88}"
EndProject
Project("{FAE04EC0-301F-11D3-BF4B-00C04F79EFBC}") = "ConsularPedidosModule", "Modules\Movimentation\Consultas\ConsularPedidosModule\ConsularPedidosModule.csproj", "{910B5A16-6508-4D89-B3F7-1EE537F39A5F}"
	ProjectSection(ProjectDependencies) = postProject
		{5A63FE82-D1E3-4726-9AE1-8B0BD112DF3D} = {5A63FE82-D1E3-4726-9AE1-8B0BD112DF3D}
		{277CB08E-FC44-4989-878A-EF146077A13F} = {277CB08E-FC44-4989-878A-EF146077A13F}
	EndProjectSection
EndProject
Project("{2150E333-8FDC-42A3-9474-1A3956D46DE8}") = "MovimentationOnline", "MovimentationOnline", "{B2596D29-CF3E-404A-AF9A-153CAE42DCE6}"
EndProject
Project("{FAE04EC0-301F-11D3-BF4B-00C04F79EFBC}") = "PedidoSolicitados", "Modules\PainelOnline\PedidoSolicitados\PedidoSolicitados.csproj", "{E6A274B3-E0D3-4E40-8556-F1852B22650D}"
	ProjectSection(ProjectDependencies) = postProject
		{F7D41E30-46D7-44BA-BAAC-57B94D29CB2F} = {F7D41E30-46D7-44BA-BAAC-57B94D29CB2F}
		{5A63FE82-D1E3-4726-9AE1-8B0BD112DF3D} = {5A63FE82-D1E3-4726-9AE1-8B0BD112DF3D}
		{277CB08E-FC44-4989-878A-EF146077A13F} = {277CB08E-FC44-4989-878A-EF146077A13F}
	EndProjectSection
EndProject
Project("{FAE04EC0-301F-11D3-BF4B-00C04F79EFBC}") = "ConsultarClienteModule", "Modules\PainelOnline\ConsultarClienteModule\ConsultarClienteModule.csproj", "{0BBF4686-BD5C-4A60-A79D-6BB4FFC1231B}"
EndProject
Project("{FAE04EC0-301F-11D3-BF4B-00C04F79EFBC}") = "ConsultarPedidosOnline", "Modules\PainelOnline\ConsultarPedidosOnline\ConsultarPedidosOnline.csproj", "{7E63C5C0-E84F-403C-BD8F-93A40FE44250}"
	ProjectSection(ProjectDependencies) = postProject
		{F7D41E30-46D7-44BA-BAAC-57B94D29CB2F} = {F7D41E30-46D7-44BA-BAAC-57B94D29CB2F}
		{5A63FE82-D1E3-4726-9AE1-8B0BD112DF3D} = {5A63FE82-D1E3-4726-9AE1-8B0BD112DF3D}
		{277CB08E-FC44-4989-878A-EF146077A13F} = {277CB08E-FC44-4989-878A-EF146077A13F}
	EndProjectSection
EndProject
Project("{2150E333-8FDC-42A3-9474-1A3956D46DE8}") = "PainelAdmin", "PainelAdmin", "{73B61DA4-D64A-4155-8585-96089267B238}"
EndProject
Project("{FAE04EC0-301F-11D3-BF4B-00C04F79EFBC}") = "ConsultasModule", "Modules\PainelAdmin\ConsultasModule\ConsultasModule.csproj", "{56FA52B5-D781-4F19-BC13-D811440C3CB3}"
EndProject
Project("{FAE04EC0-301F-11D3-BF4B-00C04F79EFBC}") = "ModificarPedidoItemModule", "Modules\Movimentation\ModificarPedidoItemModule\ModificarPedidoItemModule.csproj", "{2B22A56A-7137-4F02-9CA8-9CF14822E39D}"
	ProjectSection(ProjectDependencies) = postProject
		{F7D41E30-46D7-44BA-BAAC-57B94D29CB2F} = {F7D41E30-46D7-44BA-BAAC-57B94D29CB2F}
		{5A63FE82-D1E3-4726-9AE1-8B0BD112DF3D} = {5A63FE82-D1E3-4726-9AE1-8B0BD112DF3D}
		{277CB08E-FC44-4989-878A-EF146077A13F} = {277CB08E-FC44-4989-878A-EF146077A13F}
	EndProjectSection
EndProject
Project("{FAE04EC0-301F-11D3-BF4B-00C04F79EFBC}") = "ProdutoModule", "Modules\Cadastros\ProdutoModule\ProdutoModule.csproj", "{D8A59B0C-DB1B-4A8D-8C05-E1B38DF5617D}"
	ProjectSection(ProjectDependencies) = postProject
		{F7D41E30-46D7-44BA-BAAC-57B94D29CB2F} = {F7D41E30-46D7-44BA-BAAC-57B94D29CB2F}
	EndProjectSection
EndProject
Project("{9A19103F-16F7-4668-BE54-9A1E7A4F7556}") = "EAT.DAL", "EAT.Database\EAT.DAL\EAT.DAL.csproj", "{5A63FE82-D1E3-4726-9AE1-8B0BD112DF3D}"
EndProject
Project("{9A19103F-16F7-4668-BE54-9A1E7A4F7556}") = "EAT.Models", "EAT.Database\EAT.Models\EAT.Models.csproj", "{277CB08E-FC44-4989-878A-EF146077A13F}"
EndProject
Project("{FAE04EC0-301F-11D3-BF4B-00C04F79EFBC}") = "EAT.Infrastruture.WPF", "EAT.Infrastruture\EAT.Infrastruture.WPF\EAT.Infrastruture.WPF.csproj", "{F7D41E30-46D7-44BA-BAAC-57B94D29CB2F}"
EndProject
Global
	GlobalSection(SolutionConfigurationPlatforms) = preSolution
		Debug|Any CPU = Debug|Any CPU
		Release|Any CPU = Release|Any CPU
	EndGlobalSection
	GlobalSection(ProjectConfigurationPlatforms) = postSolution
		{99C9E82C-C594-446D-AA59-8FFBC43AD226}.Debug|Any CPU.ActiveCfg = Debug|Any CPU
		{99C9E82C-C594-446D-AA59-8FFBC43AD226}.Debug|Any CPU.Build.0 = Debug|Any CPU
		{99C9E82C-C594-446D-AA59-8FFBC43AD226}.Release|Any CPU.ActiveCfg = Release|Any CPU
		{99C9E82C-C594-446D-AA59-8FFBC43AD226}.Release|Any CPU.Build.0 = Release|Any CPU
		{AB8B448C-DD74-4D60-A041-3E5D03A32180}.Debug|Any CPU.ActiveCfg = Debug|Any CPU
		{AB8B448C-DD74-4D60-A041-3E5D03A32180}.Debug|Any CPU.Build.0 = Debug|Any CPU
		{AB8B448C-DD74-4D60-A041-3E5D03A32180}.Release|Any CPU.ActiveCfg = Release|Any CPU
		{AB8B448C-DD74-4D60-A041-3E5D03A32180}.Release|Any CPU.Build.0 = Release|Any CPU
		{D9CFBB37-E32D-4D51-9209-F85F7FDE883B}.Debug|Any CPU.ActiveCfg = Debug|Any CPU
		{D9CFBB37-E32D-4D51-9209-F85F7FDE883B}.Debug|Any CPU.Build.0 = Debug|Any CPU
		{D9CFBB37-E32D-4D51-9209-F85F7FDE883B}.Release|Any CPU.ActiveCfg = Release|Any CPU
		{D9CFBB37-E32D-4D51-9209-F85F7FDE883B}.Release|Any CPU.Build.0 = Release|Any CPU
		{81E05EEE-693B-4150-80D2-B911898CB8BE}.Debug|Any CPU.ActiveCfg = Debug|Any CPU
		{81E05EEE-693B-4150-80D2-B911898CB8BE}.Debug|Any CPU.Build.0 = Debug|Any CPU
		{81E05EEE-693B-4150-80D2-B911898CB8BE}.Release|Any CPU.ActiveCfg = Release|Any CPU
		{81E05EEE-693B-4150-80D2-B911898CB8BE}.Release|Any CPU.Build.0 = Release|Any CPU
		{CF618690-185C-4B14-9E87-4DFBEAAB528C}.Debug|Any CPU.ActiveCfg = Debug|Any CPU
		{CF618690-185C-4B14-9E87-4DFBEAAB528C}.Debug|Any CPU.Build.0 = Debug|Any CPU
		{CF618690-185C-4B14-9E87-4DFBEAAB528C}.Release|Any CPU.ActiveCfg = Release|Any CPU
		{CF618690-185C-4B14-9E87-4DFBEAAB528C}.Release|Any CPU.Build.0 = Release|Any CPU
		{A1A9FB3D-C7D3-4331-9482-4D901F60F609}.Debug|Any CPU.ActiveCfg = Debug|Any CPU
		{A1A9FB3D-C7D3-4331-9482-4D901F60F609}.Debug|Any CPU.Build.0 = Debug|Any CPU
		{A1A9FB3D-C7D3-4331-9482-4D901F60F609}.Release|Any CPU.ActiveCfg = Release|Any CPU
		{A1A9FB3D-C7D3-4331-9482-4D901F60F609}.Release|Any CPU.Build.0 = Release|Any CPU
		{01FEE047-9CEE-4082-8722-D6DAF89A70A7}.Debug|Any CPU.ActiveCfg = Debug|Any CPU
		{01FEE047-9CEE-4082-8722-D6DAF89A70A7}.Debug|Any CPU.Build.0 = Debug|Any CPU
		{01FEE047-9CEE-4082-8722-D6DAF89A70A7}.Release|Any CPU.ActiveCfg = Release|Any CPU
		{01FEE047-9CEE-4082-8722-D6DAF89A70A7}.Release|Any CPU.Build.0 = Release|Any CPU
		{A3CD9B2D-3EC1-492C-A301-7079111CA2F6}.Debug|Any CPU.ActiveCfg = Debug|Any CPU
		{A3CD9B2D-3EC1-492C-A301-7079111CA2F6}.Debug|Any CPU.Build.0 = Debug|Any CPU
		{A3CD9B2D-3EC1-492C-A301-7079111CA2F6}.Release|Any CPU.ActiveCfg = Release|Any CPU
		{A3CD9B2D-3EC1-492C-A301-7079111CA2F6}.Release|Any CPU.Build.0 = Release|Any CPU
		{910B5A16-6508-4D89-B3F7-1EE537F39A5F}.Debug|Any CPU.ActiveCfg = Debug|Any CPU
		{910B5A16-6508-4D89-B3F7-1EE537F39A5F}.Debug|Any CPU.Build.0 = Debug|Any CPU
		{910B5A16-6508-4D89-B3F7-1EE537F39A5F}.Release|Any CPU.ActiveCfg = Release|Any CPU
		{910B5A16-6508-4D89-B3F7-1EE537F39A5F}.Release|Any CPU.Build.0 = Release|Any CPU
		{E6A274B3-E0D3-4E40-8556-F1852B22650D}.Debug|Any CPU.ActiveCfg = Debug|Any CPU
		{E6A274B3-E0D3-4E40-8556-F1852B22650D}.Debug|Any CPU.Build.0 = Debug|Any CPU
		{E6A274B3-E0D3-4E40-8556-F1852B22650D}.Release|Any CPU.ActiveCfg = Release|Any CPU
		{E6A274B3-E0D3-4E40-8556-F1852B22650D}.Release|Any CPU.Build.0 = Release|Any CPU
		{0BBF4686-BD5C-4A60-A79D-6BB4FFC1231B}.Debug|Any CPU.ActiveCfg = Debug|Any CPU
		{0BBF4686-BD5C-4A60-A79D-6BB4FFC1231B}.Debug|Any CPU.Build.0 = Debug|Any CPU
		{0BBF4686-BD5C-4A60-A79D-6BB4FFC1231B}.Release|Any CPU.ActiveCfg = Release|Any CPU
		{0BBF4686-BD5C-4A60-A79D-6BB4FFC1231B}.Release|Any CPU.Build.0 = Release|Any CPU
		{7E63C5C0-E84F-403C-BD8F-93A40FE44250}.Debug|Any CPU.ActiveCfg = Debug|Any CPU
		{7E63C5C0-E84F-403C-BD8F-93A40FE44250}.Debug|Any CPU.Build.0 = Debug|Any CPU
		{7E63C5C0-E84F-403C-BD8F-93A40FE44250}.Release|Any CPU.ActiveCfg = Release|Any CPU
		{7E63C5C0-E84F-403C-BD8F-93A40FE44250}.Release|Any CPU.Build.0 = Release|Any CPU
		{56FA52B5-D781-4F19-BC13-D811440C3CB3}.Debug|Any CPU.ActiveCfg = Debug|Any CPU
		{56FA52B5-D781-4F19-BC13-D811440C3CB3}.Debug|Any CPU.Build.0 = Debug|Any CPU
		{56FA52B5-D781-4F19-BC13-D811440C3CB3}.Release|Any CPU.ActiveCfg = Release|Any CPU
		{56FA52B5-D781-4F19-BC13-D811440C3CB3}.Release|Any CPU.Build.0 = Release|Any CPU
		{2B22A56A-7137-4F02-9CA8-9CF14822E39D}.Debug|Any CPU.ActiveCfg = Debug|Any CPU
		{2B22A56A-7137-4F02-9CA8-9CF14822E39D}.Debug|Any CPU.Build.0 = Debug|Any CPU
		{2B22A56A-7137-4F02-9CA8-9CF14822E39D}.Release|Any CPU.ActiveCfg = Release|Any CPU
		{2B22A56A-7137-4F02-9CA8-9CF14822E39D}.Release|Any CPU.Build.0 = Release|Any CPU
		{D8A59B0C-DB1B-4A8D-8C05-E1B38DF5617D}.Debug|Any CPU.ActiveCfg = Debug|Any CPU
		{D8A59B0C-DB1B-4A8D-8C05-E1B38DF5617D}.Debug|Any CPU.Build.0 = Debug|Any CPU
		{D8A59B0C-DB1B-4A8D-8C05-E1B38DF5617D}.Release|Any CPU.ActiveCfg = Release|Any CPU
		{D8A59B0C-DB1B-4A8D-8C05-E1B38DF5617D}.Release|Any CPU.Build.0 = Release|Any CPU
		{5A63FE82-D1E3-4726-9AE1-8B0BD112DF3D}.Debug|Any CPU.ActiveCfg = Debug|Any CPU
		{5A63FE82-D1E3-4726-9AE1-8B0BD112DF3D}.Debug|Any CPU.Build.0 = Debug|Any CPU
		{5A63FE82-D1E3-4726-9AE1-8B0BD112DF3D}.Release|Any CPU.ActiveCfg = Release|Any CPU
		{5A63FE82-D1E3-4726-9AE1-8B0BD112DF3D}.Release|Any CPU.Build.0 = Release|Any CPU
		{277CB08E-FC44-4989-878A-EF146077A13F}.Debug|Any CPU.ActiveCfg = Debug|Any CPU
		{277CB08E-FC44-4989-878A-EF146077A13F}.Debug|Any CPU.Build.0 = Debug|Any CPU
		{277CB08E-FC44-4989-878A-EF146077A13F}.Release|Any CPU.ActiveCfg = Release|Any CPU
		{277CB08E-FC44-4989-878A-EF146077A13F}.Release|Any CPU.Build.0 = Release|Any CPU
		{F7D41E30-46D7-44BA-BAAC-57B94D29CB2F}.Debug|Any CPU.ActiveCfg = Debug|Any CPU
		{F7D41E30-46D7-44BA-BAAC-57B94D29CB2F}.Debug|Any CPU.Build.0 = Debug|Any CPU
		{F7D41E30-46D7-44BA-BAAC-57B94D29CB2F}.Release|Any CPU.ActiveCfg = Release|Any CPU
		{F7D41E30-46D7-44BA-BAAC-57B94D29CB2F}.Release|Any CPU.Build.0 = Release|Any CPU
	EndGlobalSection
	GlobalSection(SolutionProperties) = preSolution
		HideSolutionNode = FALSE
	EndGlobalSection
	GlobalSection(NestedProjects) = preSolution
		{99C9E82C-C594-446D-AA59-8FFBC43AD226} = {B450CE22-330A-4FF2-B193-95DFC877A307}
		{8217346C-AE20-41F8-9CC7-CEE6E3AD330F} = {B450CE22-330A-4FF2-B193-95DFC877A307}
		{22610E52-4D7F-4FC2-B37B-CC1314D1F9F0} = {8217346C-AE20-41F8-9CC7-CEE6E3AD330F}
		{AB8B448C-DD74-4D60-A041-3E5D03A32180} = {22610E52-4D7F-4FC2-B37B-CC1314D1F9F0}
		{70EB9C43-96B0-4A82-99FD-36706C465469} = {8217346C-AE20-41F8-9CC7-CEE6E3AD330F}
		{D9CFBB37-E32D-4D51-9209-F85F7FDE883B} = {70EB9C43-96B0-4A82-99FD-36706C465469}
		{81E05EEE-693B-4150-80D2-B911898CB8BE} = {70EB9C43-96B0-4A82-99FD-36706C465469}
		{CF618690-185C-4B14-9E87-4DFBEAAB528C} = {70EB9C43-96B0-4A82-99FD-36706C465469}
		{A1A9FB3D-C7D3-4331-9482-4D901F60F609} = {22610E52-4D7F-4FC2-B37B-CC1314D1F9F0}
		{01FEE047-9CEE-4082-8722-D6DAF89A70A7} = {22610E52-4D7F-4FC2-B37B-CC1314D1F9F0}
		{52820424-95AA-470B-9F8C-A23329F69890} = {8217346C-AE20-41F8-9CC7-CEE6E3AD330F}
		{A3CD9B2D-3EC1-492C-A301-7079111CA2F6} = {52820424-95AA-470B-9F8C-A23329F69890}
		{2AE3FB68-D1A3-485C-96DD-94915725DD88} = {52820424-95AA-470B-9F8C-A23329F69890}
		{910B5A16-6508-4D89-B3F7-1EE537F39A5F} = {2AE3FB68-D1A3-485C-96DD-94915725DD88}
		{B2596D29-CF3E-404A-AF9A-153CAE42DCE6} = {8217346C-AE20-41F8-9CC7-CEE6E3AD330F}
		{E6A274B3-E0D3-4E40-8556-F1852B22650D} = {B2596D29-CF3E-404A-AF9A-153CAE42DCE6}
		{0BBF4686-BD5C-4A60-A79D-6BB4FFC1231B} = {B2596D29-CF3E-404A-AF9A-153CAE42DCE6}
		{7E63C5C0-E84F-403C-BD8F-93A40FE44250} = {B2596D29-CF3E-404A-AF9A-153CAE42DCE6}
		{73B61DA4-D64A-4155-8585-96089267B238} = {8217346C-AE20-41F8-9CC7-CEE6E3AD330F}
		{56FA52B5-D781-4F19-BC13-D811440C3CB3} = {73B61DA4-D64A-4155-8585-96089267B238}
		{2B22A56A-7137-4F02-9CA8-9CF14822E39D} = {52820424-95AA-470B-9F8C-A23329F69890}
		{D8A59B0C-DB1B-4A8D-8C05-E1B38DF5617D} = {22610E52-4D7F-4FC2-B37B-CC1314D1F9F0}
		{5A63FE82-D1E3-4726-9AE1-8B0BD112DF3D} = {59157415-CB1E-4116-9845-DCB376FF541B}
		{277CB08E-FC44-4989-878A-EF146077A13F} = {59157415-CB1E-4116-9845-DCB376FF541B}
		{F7D41E30-46D7-44BA-BAAC-57B94D29CB2F} = {30E6B18B-6103-421C-9027-D30DB3F8BC8E}
	EndGlobalSection
	GlobalSection(ExtensibilityGlobals) = postSolution
		SolutionGuid = {8F9E1A8A-931C-4632-887F-D082C0F1BEC0}
	EndGlobalSection
EndGlobal
