
Microsoft Visual Studio Solution File, Format Version 12.00
# Visual Studio 15
VisualStudioVersion = 15.0.26430.14
MinimumVisualStudioVersion = 10.0.40219.1
Project("{FAE04EC0-301F-11D3-BF4B-00C04F79EFBC}") = "EAT.Models", "EAT.Models\EAT.Models.csproj", "{33E2795D-140B-4E5C-8B95-8FDA48E83920}"
EndProject
Project("{FAE04EC0-301F-11D3-BF4B-00C04F79EFBC}") = "EAT.DAL", "EAT.DAL\EAT.DAL.csproj", "{54B24295-B20E-47C3-939F-F6A34FB7CE7B}"
EndProject
Global
	GlobalSection(SolutionConfigurationPlatforms) = preSolution
		Debug|Any CPU = Debug|Any CPU
		Release|Any CPU = Release|Any CPU
	EndGlobalSection
	GlobalSection(ProjectConfigurationPlatforms) = postSolution
		{33E2795D-140B-4E5C-8B95-8FDA48E83920}.Debug|Any CPU.ActiveCfg = Debug|Any CPU
		{33E2795D-140B-4E5C-8B95-8FDA48E83920}.Debug|Any CPU.Build.0 = Debug|Any CPU
		{33E2795D-140B-4E5C-8B95-8FDA48E83920}.Release|Any CPU.ActiveCfg = Release|Any CPU
		{33E2795D-140B-4E5C-8B95-8FDA48E83920}.Release|Any CPU.Build.0 = Release|Any CPU
		{54B24295-B20E-47C3-939F-F6A34FB7CE7B}.Debug|Any CPU.ActiveCfg = Debug|Any CPU
		{54B24295-B20E-47C3-939F-F6A34FB7CE7B}.Debug|Any CPU.Build.0 = Debug|Any CPU
		{54B24295-B20E-47C3-939F-F6A34FB7CE7B}.Release|Any CPU.ActiveCfg = Release|Any CPU
		{54B24295-B20E-47C3-939F-F6A34FB7CE7B}.Release|Any CPU.Build.0 = Release|Any CPU
	EndGlobalSection
	GlobalSection(SolutionProperties) = preSolution
		HideSolutionNode = FALSE
	EndGlobalSection
EndGlobal
